
Microsoft Visual Studio Solution File, Format Version 12.00
# Visual Studio 14
VisualStudioVersion = 14.0.25123.0
MinimumVisualStudioVersion = 10.0.40219.1
Project("{FAE04EC0-301F-11D3-BF4B-00C04F79EFBC}") = "poincer.iOS", "iOS\poincer.iOS.csproj", "{3B45A766-5E7B-4A38-9776-9F1F503F5818}"
EndProject
Project("{FAE04EC0-301F-11D3-BF4B-00C04F79EFBC}") = "poincer.Droid", "Droid\poincer.Droid.csproj", "{90BD43E4-D6BC-4B4F-B46D-CD827EFC6F24}"
	ProjectSection(ProjectDependencies) = postProject
		{414EFAF8-9D02-492B-8025-BFDD7EC0C621} = {414EFAF8-9D02-492B-8025-BFDD7EC0C621}
	EndProjectSection
EndProject
Project("{FAE04EC0-301F-11D3-BF4B-00C04F79EFBC}") = "poincer", "poincer\poincer.csproj", "{414EFAF8-9D02-492B-8025-BFDD7EC0C621}"
EndProject
Project("{FAE04EC0-301F-11D3-BF4B-00C04F79EFBC}") = "poincer.UWP", "poincer.UWP\poincer.UWP.csproj", "{9C02D02B-8752-4CF2-AB9D-C21D0031959E}"
EndProject
Global
	GlobalSection(SolutionConfigurationPlatforms) = preSolution
		Debug|Any CPU = Debug|Any CPU
		Debug|ARM = Debug|ARM
		Debug|iPhone = Debug|iPhone
		Debug|iPhoneSimulator = Debug|iPhoneSimulator
		Debug|x64 = Debug|x64
		Debug|x86 = Debug|x86
		Release|Any CPU = Release|Any CPU
		Release|ARM = Release|ARM
		Release|iPhone = Release|iPhone
		Release|iPhoneSimulator = Release|iPhoneSimulator
		Release|x64 = Release|x64
		Release|x86 = Release|x86
	EndGlobalSection
	GlobalSection(ProjectConfigurationPlatforms) = postSolution
		{3B45A766-5E7B-4A38-9776-9F1F503F5818}.Debug|Any CPU.ActiveCfg = Debug|iPhoneSimulator
		{3B45A766-5E7B-4A38-9776-9F1F503F5818}.Debug|Any CPU.Build.0 = Debug|iPhoneSimulator
		{3B45A766-5E7B-4A38-9776-9F1F503F5818}.Debug|ARM.ActiveCfg = Debug|iPhone
		{3B45A766-5E7B-4A38-9776-9F1F503F5818}.Debug|iPhone.ActiveCfg = Debug|iPhone
		{3B45A766-5E7B-4A38-9776-9F1F503F5818}.Debug|iPhone.Build.0 = Debug|iPhone
		{3B45A766-5E7B-4A38-9776-9F1F503F5818}.Debug|iPhoneSimulator.ActiveCfg = Debug|iPhoneSimulator
		{3B45A766-5E7B-4A38-9776-9F1F503F5818}.Debug|iPhoneSimulator.Build.0 = Debug|iPhoneSimulator
		{3B45A766-5E7B-4A38-9776-9F1F503F5818}.Debug|x64.ActiveCfg = Debug|iPhone
		{3B45A766-5E7B-4A38-9776-9F1F503F5818}.Debug|x86.ActiveCfg = Debug|iPhone
		{3B45A766-5E7B-4A38-9776-9F1F503F5818}.Release|Any CPU.ActiveCfg = Release|iPhone
		{3B45A766-5E7B-4A38-9776-9F1F503F5818}.Release|Any CPU.Build.0 = Release|iPhone
		{3B45A766-5E7B-4A38-9776-9F1F503F5818}.Release|ARM.ActiveCfg = Release|iPhoneSimulator
		{3B45A766-5E7B-4A38-9776-9F1F503F5818}.Release|iPhone.ActiveCfg = Release|iPhone
		{3B45A766-5E7B-4A38-9776-9F1F503F5818}.Release|iPhone.Build.0 = Release|iPhone
		{3B45A766-5E7B-4A38-9776-9F1F503F5818}.Release|iPhoneSimulator.ActiveCfg = Release|iPhoneSimulator
		{3B45A766-5E7B-4A38-9776-9F1F503F5818}.Release|iPhoneSimulator.Build.0 = Release|iPhoneSimulator
		{3B45A766-5E7B-4A38-9776-9F1F503F5818}.Release|x64.ActiveCfg = Release|iPhoneSimulator
		{3B45A766-5E7B-4A38-9776-9F1F503F5818}.Release|x86.ActiveCfg = Release|iPhoneSimulator
		{90BD43E4-D6BC-4B4F-B46D-CD827EFC6F24}.Debug|Any CPU.ActiveCfg = Debug|Any CPU
		{90BD43E4-D6BC-4B4F-B46D-CD827EFC6F24}.Debug|Any CPU.Build.0 = Debug|Any CPU
		{90BD43E4-D6BC-4B4F-B46D-CD827EFC6F24}.Debug|ARM.ActiveCfg = Debug|Any CPU
		{90BD43E4-D6BC-4B4F-B46D-CD827EFC6F24}.Debug|ARM.Build.0 = Debug|Any CPU
		{90BD43E4-D6BC-4B4F-B46D-CD827EFC6F24}.Debug|ARM.Deploy.0 = Debug|Any CPU
		{90BD43E4-D6BC-4B4F-B46D-CD827EFC6F24}.Debug|iPhone.ActiveCfg = Debug|Any CPU
		{90BD43E4-D6BC-4B4F-B46D-CD827EFC6F24}.Debug|iPhone.Build.0 = Debug|Any CPU
		{90BD43E4-D6BC-4B4F-B46D-CD827EFC6F24}.Debug|iPhoneSimulator.ActiveCfg = Debug|Any CPU
		{90BD43E4-D6BC-4B4F-B46D-CD827EFC6F24}.Debug|iPhoneSimulator.Build.0 = Debug|Any CPU
		{90BD43E4-D6BC-4B4F-B46D-CD827EFC6F24}.Debug|x64.ActiveCfg = Debug|Any CPU
		{90BD43E4-D6BC-4B4F-B46D-CD827EFC6F24}.Debug|x64.Build.0 = Debug|Any CPU
		{90BD43E4-D6BC-4B4F-B46D-CD827EFC6F24}.Debug|x64.Deploy.0 = Debug|Any CPU
		{90BD43E4-D6BC-4B4F-B46D-CD827EFC6F24}.Debug|x86.ActiveCfg = Debug|Any CPU
		{90BD43E4-D6BC-4B4F-B46D-CD827EFC6F24}.Debug|x86.Build.0 = Debug|Any CPU
		{90BD43E4-D6BC-4B4F-B46D-CD827EFC6F24}.Debug|x86.Deploy.0 = Debug|Any CPU
		{90BD43E4-D6BC-4B4F-B46D-CD827EFC6F24}.Release|Any CPU.ActiveCfg = Release|Any CPU
		{90BD43E4-D6BC-4B4F-B46D-CD827EFC6F24}.Release|Any CPU.Build.0 = Release|Any CPU
		{90BD43E4-D6BC-4B4F-B46D-CD827EFC6F24}.Release|ARM.ActiveCfg = Release|Any CPU
		{90BD43E4-D6BC-4B4F-B46D-CD827EFC6F24}.Release|ARM.Build.0 = Release|Any CPU
		{90BD43E4-D6BC-4B4F-B46D-CD827EFC6F24}.Release|ARM.Deploy.0 = Release|Any CPU
		{90BD43E4-D6BC-4B4F-B46D-CD827EFC6F24}.Release|iPhone.ActiveCfg = Release|Any CPU
		{90BD43E4-D6BC-4B4F-B46D-CD827EFC6F24}.Release|iPhone.Build.0 = Release|Any CPU
		{90BD43E4-D6BC-4B4F-B46D-CD827EFC6F24}.Release|iPhoneSimulator.ActiveCfg = Release|Any CPU
		{90BD43E4-D6BC-4B4F-B46D-CD827EFC6F24}.Release|iPhoneSimulator.Build.0 = Release|Any CPU
		{90BD43E4-D6BC-4B4F-B46D-CD827EFC6F24}.Release|x64.ActiveCfg = Release|Any CPU
		{90BD43E4-D6BC-4B4F-B46D-CD827EFC6F24}.Release|x64.Build.0 = Release|Any CPU
		{90BD43E4-D6BC-4B4F-B46D-CD827EFC6F24}.Release|x64.Deploy.0 = Release|Any CPU
		{90BD43E4-D6BC-4B4F-B46D-CD827EFC6F24}.Release|x86.ActiveCfg = Release|Any CPU
		{90BD43E4-D6BC-4B4F-B46D-CD827EFC6F24}.Release|x86.Build.0 = Release|Any CPU
		{90BD43E4-D6BC-4B4F-B46D-CD827EFC6F24}.Release|x86.Deploy.0 = Release|Any CPU
		{414EFAF8-9D02-492B-8025-BFDD7EC0C621}.Debug|Any CPU.ActiveCfg = Debug|Any CPU
		{414EFAF8-9D02-492B-8025-BFDD7EC0C621}.Debug|Any CPU.Build.0 = Debug|Any CPU
		{414EFAF8-9D02-492B-8025-BFDD7EC0C621}.Debug|ARM.ActiveCfg = Debug|Any CPU
		{414EFAF8-9D02-492B-8025-BFDD7EC0C621}.Debug|ARM.Build.0 = Debug|Any CPU
		{414EFAF8-9D02-492B-8025-BFDD7EC0C621}.Debug|iPhone.ActiveCfg = Debug|Any CPU
		{414EFAF8-9D02-492B-8025-BFDD7EC0C621}.Debug|iPhone.Build.0 = Debug|Any CPU
		{414EFAF8-9D02-492B-8025-BFDD7EC0C621}.Debug|iPhoneSimulator.ActiveCfg = Debug|Any CPU
		{414EFAF8-9D02-492B-8025-BFDD7EC0C621}.Debug|iPhoneSimulator.Build.0 = Debug|Any CPU
		{414EFAF8-9D02-492B-8025-BFDD7EC0C621}.Debug|x64.ActiveCfg = Debug|Any CPU
		{414EFAF8-9D02-492B-8025-BFDD7EC0C621}.Debug|x64.Build.0 = Debug|Any CPU
		{414EFAF8-9D02-492B-8025-BFDD7EC0C621}.Debug|x86.ActiveCfg = Debug|Any CPU
		{414EFAF8-9D02-492B-8025-BFDD7EC0C621}.Debug|x86.Build.0 = Debug|Any CPU
		{414EFAF8-9D02-492B-8025-BFDD7EC0C621}.Release|Any CPU.ActiveCfg = Release|Any CPU
		{414EFAF8-9D02-492B-8025-BFDD7EC0C621}.Release|Any CPU.Build.0 = Release|Any CPU
		{414EFAF8-9D02-492B-8025-BFDD7EC0C621}.Release|ARM.ActiveCfg = Release|Any CPU
		{414EFAF8-9D02-492B-8025-BFDD7EC0C621}.Release|ARM.Build.0 = Release|Any CPU
		{414EFAF8-9D02-492B-8025-BFDD7EC0C621}.Release|iPhone.ActiveCfg = Release|Any CPU
		{414EFAF8-9D02-492B-8025-BFDD7EC0C621}.Release|iPhone.Build.0 = Release|Any CPU
		{414EFAF8-9D02-492B-8025-BFDD7EC0C621}.Release|iPhoneSimulator.ActiveCfg = Release|Any CPU
		{414EFAF8-9D02-492B-8025-BFDD7EC0C621}.Release|iPhoneSimulator.Build.0 = Release|Any CPU
		{414EFAF8-9D02-492B-8025-BFDD7EC0C621}.Release|x64.ActiveCfg = Release|Any CPU
		{414EFAF8-9D02-492B-8025-BFDD7EC0C621}.Release|x64.Build.0 = Release|Any CPU
		{414EFAF8-9D02-492B-8025-BFDD7EC0C621}.Release|x86.ActiveCfg = Release|Any CPU
		{414EFAF8-9D02-492B-8025-BFDD7EC0C621}.Release|x86.Build.0 = Release|Any CPU
		{9C02D02B-8752-4CF2-AB9D-C21D0031959E}.Debug|Any CPU.ActiveCfg = Debug|x86
		{9C02D02B-8752-4CF2-AB9D-C21D0031959E}.Debug|ARM.ActiveCfg = Debug|ARM
		{9C02D02B-8752-4CF2-AB9D-C21D0031959E}.Debug|ARM.Build.0 = Debug|ARM
		{9C02D02B-8752-4CF2-AB9D-C21D0031959E}.Debug|ARM.Deploy.0 = Debug|ARM
		{9C02D02B-8752-4CF2-AB9D-C21D0031959E}.Debug|iPhone.ActiveCfg = Debug|x86
		{9C02D02B-8752-4CF2-AB9D-C21D0031959E}.Debug|iPhoneSimulator.ActiveCfg = Debug|x86
		{9C02D02B-8752-4CF2-AB9D-C21D0031959E}.Debug|iPhoneSimulator.Build.0 = Debug|x86
		{9C02D02B-8752-4CF2-AB9D-C21D0031959E}.Debug|iPhoneSimulator.Deploy.0 = Debug|x86
		{9C02D02B-8752-4CF2-AB9D-C21D0031959E}.Debug|x64.ActiveCfg = Debug|x64
		{9C02D02B-8752-4CF2-AB9D-C21D0031959E}.Debug|x64.Build.0 = Debug|x64
		{9C02D02B-8752-4CF2-AB9D-C21D0031959E}.Debug|x64.Deploy.0 = Debug|x64
		{9C02D02B-8752-4CF2-AB9D-C21D0031959E}.Debug|x86.ActiveCfg = Debug|x86
		{9C02D02B-8752-4CF2-AB9D-C21D0031959E}.Debug|x86.Build.0 = Debug|x86
		{9C02D02B-8752-4CF2-AB9D-C21D0031959E}.Debug|x86.Deploy.0 = Debug|x86
		{9C02D02B-8752-4CF2-AB9D-C21D0031959E}.Release|Any CPU.ActiveCfg = Release|x86
		{9C02D02B-8752-4CF2-AB9D-C21D0031959E}.Release|ARM.ActiveCfg = Release|ARM
		{9C02D02B-8752-4CF2-AB9D-C21D0031959E}.Release|ARM.Build.0 = Release|ARM
		{9C02D02B-8752-4CF2-AB9D-C21D0031959E}.Release|ARM.Deploy.0 = Release|ARM
		{9C02D02B-8752-4CF2-AB9D-C21D0031959E}.Release|iPhone.ActiveCfg = Release|x86
		{9C02D02B-8752-4CF2-AB9D-C21D0031959E}.Release|iPhoneSimulator.ActiveCfg = Release|x86
		{9C02D02B-8752-4CF2-AB9D-C21D0031959E}.Release|x64.ActiveCfg = Release|x64
		{9C02D02B-8752-4CF2-AB9D-C21D0031959E}.Release|x64.Build.0 = Release|x64
		{9C02D02B-8752-4CF2-AB9D-C21D0031959E}.Release|x64.Deploy.0 = Release|x64
		{9C02D02B-8752-4CF2-AB9D-C21D0031959E}.Release|x86.ActiveCfg = Release|x86
		{9C02D02B-8752-4CF2-AB9D-C21D0031959E}.Release|x86.Build.0 = Release|x86
		{9C02D02B-8752-4CF2-AB9D-C21D0031959E}.Release|x86.Deploy.0 = Release|x86
	EndGlobalSection
	GlobalSection(SolutionProperties) = preSolution
		HideSolutionNode = FALSE
	EndGlobalSection
EndGlobal
